<Solution>
  <Configurations>
    <Platform Name="x64" />
    <Platform Name="x86" />
  </Configurations>
  <Project Path="../Area Calculator/Area Calculator.vcxproj" Id="cafbc9a5-ee2d-4f36-99e8-c9b222d1ebbb" />
  <Project Path="../Bitwise Manipulation/Bitwise Manipulation.vcxproj" Id="3ed4da9c-9a3a-49ca-821f-25c590bf45ee" />
  <Project Path="../Dynamic Array/Dynamic Array.vcxproj" Id="1eb5491e-aa17-4f48-a98c-90b203483be5" />
  <Project Path="../Enhanced Calculator/Enhanced Calculator.vcxproj" Id="8ddc7a6f-a67a-4c25-bb78-08bbea67cc87" />
  <Project Path="../Factorial/Factorial.vcxproj" Id="89f789e9-8577-4431-b23b-0621dfe54f90" />
  <Project Path="../IO/IO.vcxproj" Id="ec478eed-9818-46d7-bdcf-5232add4fb90" />
  <Project Path="../Lambda Functions/Lambda Functions.vcxproj" Id="910ba661-823a-4946-ab79-df3a5e140544" />
  <Project Path="../Polymorphic Shape/Polymorphic Shape.vcxproj" Id="7e97561a-0514-447b-bde5-566010ccbc41" />
  <Project Path="../Prime Number/Prime Number.vcxproj" Id="be2278f5-c9ab-46d9-ae9f-6c393e02e80b" />
  <Project Path="../Simple Calculator/Simple Calculator.vcxproj" Id="b269cc1a-3e83-4f78-bce5-1ef9b0b89d53" />
  <Project Path="../Statistics Calculator/Statistics Calculator.vcxproj" Id="9bdbeab6-37b9-43b8-8c7c-276fd4c2e62c" />
  <Project Path="../Swap/Swap.vcxproj" Id="8d988382-adf1-4961-9ad9-3d768e1731c4" />
  <Project Path="../Type Conversion/Type Conversion.vcxproj" Id="5d537056-2dcb-47df-a92c-909e434007e2" />
  <Project Path="Hello World.vcxproj" Id="404286cc-d398-4123-865c-fba907714302" />
</Solution>
